// !$*UTF8*$!
{
	archiveVersion = 1;
	classes = {
	};
	objectVersion = 46;
	objects = {

/* Begin PBXBuildFile section */
		AFAE5FC91A86C6AC00C1A72B /* main.m in Sources */ = {isa = PBXBuildFile; fileRef = AFAE5FC81A86C6AC00C1A72B /* main.m */; };
		AFAE5FCC1A86C6AC00C1A72B /* AppDelegate.m in Sources */ = {isa = PBXBuildFile; fileRef = AFAE5FCB1A86C6AC00C1A72B /* AppDelegate.m */; };
		AFAE5FCF1A86C6AC00C1A72B /* Foonu.xcdatamodeld in Sources */ = {isa = PBXBuildFile; fileRef = AFAE5FCD1A86C6AC00C1A72B /* Foonu.xcdatamodeld */; };
		AFAE5FD21A86C6AC00C1A72B /* ViewController.m in Sources */ = {isa = PBXBuildFile; fileRef = AFAE5FD11A86C6AC00C1A72B /* ViewController.m */; };
		AFAE5FD51A86C6AC00C1A72B /* Main.storyboard in Resources */ = {isa = PBXBuildFile; fileRef = AFAE5FD31A86C6AC00C1A72B /* Main.storyboard */; };
		AFAE5FD71A86C6AC00C1A72B /* Images.xcassets in Resources */ = {isa = PBXBuildFile; fileRef = AFAE5FD61A86C6AC00C1A72B /* Images.xcassets */; };
		AFAE5FDA1A86C6AC00C1A72B /* LaunchScreen.xib in Resources */ = {isa = PBXBuildFile; fileRef = AFAE5FD81A86C6AC00C1A72B /* LaunchScreen.xib */; };
		AFAE5FE61A86C6AC00C1A72B /* FoonuTests.m in Sources */ = {isa = PBXBuildFile; fileRef = AFAE5FE51A86C6AC00C1A72B /* FoonuTests.m */; };
/* End PBXBuildFile section */

/* Begin PBXContainerItemProxy section */
		AFAE5FE01A86C6AC00C1A72B /* PBXContainerItemProxy */ = {
			isa = PBXContainerItemProxy;
			containerPortal = AFAE5FBB1A86C6AC00C1A72B /* Project object */;
			proxyType = 1;
			remoteGlobalIDString = AFAE5FC21A86C6AC00C1A72B;
			remoteInfo = Foonu;
		};
/* End PBXContainerItemProxy section */

/* Begin PBXFileReference section */
		AFAE5FC31A86C6AC00C1A72B /* Foonu.app */ = {isa = PBXFileReference; explicitFileType = wrapper.application; includeInIndex = 0; path = Foonu.app; sourceTree = BUILT_PRODUCTS_DIR; };
		AFAE5FC71A86C6AC00C1A72B /* Info.plist */ = {isa = PBXFileReference; lastKnownFileType = text.plist.xml; path = Info.plist; sourceTree = "<group>"; };
		AFAE5FC81A86C6AC00C1A72B /* main.m */ = {isa = PBXFileReference; lastKnownFileType = sourcecode.c.objc; path = main.m; sourceTree = "<group>"; };
		AFAE5FCA1A86C6AC00C1A72B /* AppDelegate.h */ = {isa = PBXFileReference; lastKnownFileType = sourcecode.c.h; path = AppDelegate.h; sourceTree = "<group>"; };
		AFAE5FCB1A86C6AC00C1A72B /* AppDelegate.m */ = {isa = PBXFileReference; lastKnownFileType = sourcecode.c.objc; path = AppDelegate.m; sourceTree = "<group>"; };
		AFAE5FCE1A86C6AC00C1A72B /* Foonu.xcdatamodel */ = {isa = PBXFileReference; lastKnownFileType = wrapper.xcdatamodel; path = Foonu.xcdatamodel; sourceTree = "<group>"; };
		AFAE5FD01A86C6AC00C1A72B /* ViewController.h */ = {isa = PBXFileReference; lastKnownFileType = sourcecode.c.h; path = ViewController.h; sourceTree = "<group>"; };
		AFAE5FD11A86C6AC00C1A72B /* ViewController.m */ = {isa = PBXFileReference; lastKnownFileType = sourcecode.c.objc; path = ViewController.m; sourceTree = "<group>"; };
		AFAE5FD41A86C6AC00C1A72B /* Base */ = {isa = PBXFileReference; lastKnownFileType = file.storyboard; name = Base; path = Base.lproj/Main.storyboard; sourceTree = "<group>"; };
		AFAE5FD61A86C6AC00C1A72B /* Images.xcassets */ = {isa = PBXFileReference; lastKnownFileType = folder.assetcatalog; path = Images.xcassets; sourceTree = "<group>"; };
		AFAE5FD91A86C6AC00C1A72B /* Base */ = {isa = PBXFileReference; lastKnownFileType = file.xib; name = Base; path = Base.lproj/LaunchScreen.xib; sourceTree = "<group>"; };
		AFAE5FDF1A86C6AC00C1A72B /* FoonuTests.xctest */ = {isa = PBXFileReference; explicitFileType = wrapper.cfbundle; includeInIndex = 0; path = FoonuTests.xctest; sourceTree = BUILT_PRODUCTS_DIR; };
		AFAE5FE41A86C6AC00C1A72B /* Info.plist */ = {isa = PBXFileReference; lastKnownFileType = text.plist.xml; path = Info.plist; sourceTree = "<group>"; };
		AFAE5FE51A86C6AC00C1A72B /* FoonuTests.m */ = {isa = PBXFileReference; lastKnownFileType = sourcecode.c.objc; path = FoonuTests.m; sourceTree = "<group>"; };
/* End PBXFileReference section */

/* Begin PBXFrameworksBuildPhase section */
		AFAE5FC01A86C6AC00C1A72B /* Frameworks */ = {
			isa = PBXFrameworksBuildPhase;
			buildActionMask = 2147483647;
			files = (
			);
			runOnlyForDeploymentPostprocessing = 0;
		};
		AFAE5FDC1A86C6AC00C1A72B /* Frameworks */ = {
			isa = PBXFrameworksBuildPhase;
			buildActionMask = 2147483647;
			files = (
			);
			runOnlyForDeploymentPostprocessing = 0;
		};
/* End PBXFrameworksBuildPhase section */

/* Begin PBXGroup section */
		AFAE5FBA1A86C6AC00C1A72B = {
			isa = PBXGroup;
			children = (
				AFAE5FC51A86C6AC00C1A72B /* Foonu */,
				AFAE5FE21A86C6AC00C1A72B /* FoonuTests */,
				AFAE5FC41A86C6AC00C1A72B /* Products */,
			);
			sourceTree = "<group>";
		};
		AFAE5FC41A86C6AC00C1A72B /* Products */ = {
			isa = PBXGroup;
			children = (
				AFAE5FC31A86C6AC00C1A72B /* Foonu.app */,
				AFAE5FDF1A86C6AC00C1A72B /* FoonuTests.xctest */,
			);
			name = Products;
			sourceTree = "<group>";
		};
		AFAE5FC51A86C6AC00C1A72B /* Foonu */ = {
			isa = PBXGroup;
			children = (
				AFAE5FCA1A86C6AC00C1A72B /* AppDelegate.h */,
				AFAE5FCB1A86C6AC00C1A72B /* AppDelegate.m */,
				AFAE5FD01A86C6AC00C1A72B /* ViewController.h */,
				AFAE5FD11A86C6AC00C1A72B /* ViewController.m */,
				AFAE5FD31A86C6AC00C1A72B /* Main.storyboard */,
				AFAE5FD61A86C6AC00C1A72B /* Images.xcassets */,
				AFAE5FD81A86C6AC00C1A72B /* LaunchScreen.xib */,
				AFAE5FCD1A86C6AC00C1A72B /* Foonu.xcdatamodeld */,
				AFAE5FC61A86C6AC00C1A72B /* Supporting Files */,
			);
			path = Foonu;
			sourceTree = "<group>";
		};
		AFAE5FC61A86C6AC00C1A72B /* Supporting Files */ = {
			isa = PBXGroup;
			children = (
				AFAE5FC71A86C6AC00C1A72B /* Info.plist */,
				AFAE5FC81A86C6AC00C1A72B /* main.m */,
			);
			name = "Supporting Files";
			sourceTree = "<group>";
		};
		AFAE5FE21A86C6AC00C1A72B /* FoonuTests */ = {
			isa = PBXGroup;
			children = (
				AFAE5FE51A86C6AC00C1A72B /* FoonuTests.m */,
				AFAE5FE31A86C6AC00C1A72B /* Supporting Files */,
			);
			path = FoonuTests;
			sourceTree = "<group>";
		};
		AFAE5FE31A86C6AC00C1A72B /* Supporting Files */ = {
			isa = PBXGroup;
			children = (
				AFAE5FE41A86C6AC00C1A72B /* Info.plist */,
			);
			name = "Supporting Files";
			sourceTree = "<group>";
		};
/* End PBXGroup section */

/* Begin PBXNativeTarget section */
		AFAE5FC21A86C6AC00C1A72B /* Foonu */ = {
			isa = PBXNativeTarget;
			buildConfigurationList = AFAE5FE91A86C6AC00C1A72B /* Build configuration list for PBXNativeTarget "Foonu" */;
			buildPhases = (
				AFAE5FBF1A86C6AC00C1A72B /* Sources */,
				AFAE5FC01A86C6AC00C1A72B /* Frameworks */,
				AFAE5FC11A86C6AC00C1A72B /* Resources */,
			);
			buildRules = (
			);
			dependencies = (
			);
			name = Foonu;
			productName = Foonu;
			productReference = AFAE5FC31A86C6AC00C1A72B /* Foonu.app */;
			productType = "com.apple.product-type.application";
		};
		AFAE5FDE1A86C6AC00C1A72B /* FoonuTests */ = {
			isa = PBXNativeTarget;
			buildConfigurationList = AFAE5FEC1A86C6AC00C1A72B /* Build configuration list for PBXNativeTarget "FoonuTests" */;
			buildPhases = (
				AFAE5FDB1A86C6AC00C1A72B /* Sources */,
				AFAE5FDC1A86C6AC00C1A72B /* Frameworks */,
				AFAE5FDD1A86C6AC00C1A72B /* Resources */,
			);
			buildRules = (
			);
			dependencies = (
				AFAE5FE11A86C6AC00C1A72B /* PBXTargetDependency */,
			);
			name = FoonuTests;
			productName = FoonuTests;
			productReference = AFAE5FDF1A86C6AC00C1A72B /* FoonuTests.xctest */;
			productType = "com.apple.product-type.bundle.unit-test";
		};
/* End PBXNativeTarget section */

/* Begin PBXProject section */
		AFAE5FBB1A86C6AC00C1A72B /* Project object */ = {
			isa = PBXProject;
			attributes = {
				LastUpgradeCheck = 0610;
				ORGANIZATIONNAME = "Brian Lin";
				TargetAttributes = {
					AFAE5FC21A86C6AC00C1A72B = {
						CreatedOnToolsVersion = 6.1.1;
					};
					AFAE5FDE1A86C6AC00C1A72B = {
						CreatedOnToolsVersion = 6.1.1;
						TestTargetID = AFAE5FC21A86C6AC00C1A72B;
					};
				};
			};
			buildConfigurationList = AFAE5FBE1A86C6AC00C1A72B /* Build configuration list for PBXProject "Foonu" */;
			compatibilityVersion = "Xcode 3.2";
			developmentRegion = English;
			hasScannedForEncodings = 0;
			knownRegions = (
				en,
				Base,
			);
			mainGroup = AFAE5FBA1A86C6AC00C1A72B;
			productRefGroup = AFAE5FC41A86C6AC00C1A72B /* Products */;
			projectDirPath = "";
			projectRoot = "";
			targets = (
				AFAE5FC21A86C6AC00C1A72B /* Foonu */,
				AFAE5FDE1A86C6AC00C1A72B /* FoonuTests */,
			);
		};
/* End PBXProject section */

/* Begin PBXResourcesBuildPhase section */
		AFAE5FC11A86C6AC00C1A72B /* Resources */ = {
			isa = PBXResourcesBuildPhase;
			buildActionMask = 2147483647;
			files = (
				AFAE5FD51A86C6AC00C1A72B /* Main.storyboard in Resources */,
				AFAE5FDA1A86C6AC00C1A72B /* LaunchScreen.xib in Resources */,
				AFAE5FD71A86C6AC00C1A72B /* Images.xcassets in Resources */,
			);
			runOnlyForDeploymentPostprocessing = 0;
		};
		AFAE5FDD1A86C6AC00C1A72B /* Resources */ = {
			isa = PBXResourcesBuildPhase;
			buildActionMask = 2147483647;
			files = (
			);
			runOnlyForDeploymentPostprocessing = 0;
		};
/* End PBXResourcesBuildPhase section */

/* Begin PBXSourcesBuildPhase section */
		AFAE5FBF1A86C6AC00C1A72B /* Sources */ = {
			isa = PBXSourcesBuildPhase;
			buildActionMask = 2147483647;
			files = (
				AFAE5FCC1A86C6AC00C1A72B /* AppDelegate.m in Sources */,
				AFAE5FCF1A86C6AC00C1A72B /* Foonu.xcdatamodeld in Sources */,
				AFAE5FD21A86C6AC00C1A72B /* ViewController.m in Sources */,
				AFAE5FC91A86C6AC00C1A72B /* main.m in Sources */,
			);
			runOnlyForDeploymentPostprocessing = 0;
		};
		AFAE5FDB1A86C6AC00C1A72B /* Sources */ = {
			isa = PBXSourcesBuildPhase;
			buildActionMask = 2147483647;
			files = (
				AFAE5FE61A86C6AC00C1A72B /* FoonuTests.m in Sources */,
			);
			runOnlyForDeploymentPostprocessing = 0;
		};
/* End PBXSourcesBuildPhase section */

/* Begin PBXTargetDependency section */
		AFAE5FE11A86C6AC00C1A72B /* PBXTargetDependency */ = {
			isa = PBXTargetDependency;
			target = AFAE5FC21A86C6AC00C1A72B /* Foonu */;
			targetProxy = AFAE5FE01A86C6AC00C1A72B /* PBXContainerItemProxy */;
		};
/* End PBXTargetDependency section */

/* Begin PBXVariantGroup section */
		AFAE5FD31A86C6AC00C1A72B /* Main.storyboard */ = {
			isa = PBXVariantGroup;
			children = (
				AFAE5FD41A86C6AC00C1A72B /* Base */,
			);
			name = Main.storyboard;
			sourceTree = "<group>";
		};
		AFAE5FD81A86C6AC00C1A72B /* LaunchScreen.xib */ = {
			isa = PBXVariantGroup;
			children = (
				AFAE5FD91A86C6AC00C1A72B /* Base */,
			);
			name = LaunchScreen.xib;
			sourceTree = "<group>";
		};
/* End PBXVariantGroup section */

/* Begin XCBuildConfiguration section */
		AFAE5FE71A86C6AC00C1A72B /* Debug */ = {
			isa = XCBuildConfiguration;
			buildSettings = {
				ALWAYS_SEARCH_USER_PATHS = NO;
				CLANG_CXX_LANGUAGE_STANDARD = "gnu++0x";
				CLANG_CXX_LIBRARY = "libc++";
				CLANG_ENABLE_MODULES = YES;
				CLANG_ENABLE_OBJC_ARC = YES;
				CLANG_WARN_BOOL_CONVERSION = YES;
				CLANG_WARN_CONSTANT_CONVERSION = YES;
				CLANG_WARN_DIRECT_OBJC_ISA_USAGE = YES_ERROR;
				CLANG_WARN_EMPTY_BODY = YES;
				CLANG_WARN_ENUM_CONVERSION = YES;
				CLANG_WARN_INT_CONVERSION = YES;
				CLANG_WARN_OBJC_ROOT_CLASS = YES_ERROR;
				CLANG_WARN_UNREACHABLE_CODE = YES;
				CLANG_WARN__DUPLICATE_METHOD_MATCH = YES;
				"CODE_SIGN_IDENTITY[sdk=iphoneos*]" = "iPhone Developer";
				COPY_PHASE_STRIP = NO;
				ENABLE_STRICT_OBJC_MSGSEND = YES;
				GCC_C_LANGUAGE_STANDARD = gnu99;
				GCC_DYNAMIC_NO_PIC = NO;
				GCC_OPTIMIZATION_LEVEL = 0;
				GCC_PREPROCESSOR_DEFINITIONS = (
					"DEBUG=1",
					"$(inherited)",
				);
				GCC_SYMBOLS_PRIVATE_EXTERN = NO;
				GCC_WARN_64_TO_32_BIT_CONVERSION = YES;
				GCC_WARN_ABOUT_RETURN_TYPE = YES_ERROR;
				GCC_WARN_UNDECLARED_SELECTOR = YES;
				GCC_WARN_UNINITIALIZED_AUTOS = YES_AGGRESSIVE;
				GCC_WARN_UNUSED_FUNCTION = YES;
				GCC_WARN_UNUSED_VARIABLE = YES;
				IPHONEOS_DEPLOYMENT_TARGET = 8.1;
				MTL_ENABLE_DEBUG_INFO = YES;
				ONLY_ACTIVE_ARCH = YES;
				SDKROOT = iphoneos;
				TARGETED_DEVICE_FAMILY = "1,2";
			};
			name = Debug;
		};
		AFAE5FE81A86C6AC00C1A72B /* Release */ = {
			isa = XCBuildConfiguration;
			buildSettings = {
				ALWAYS_SEARCH_USER_PATHS = NO;
				CLANG_CXX_LANGUAGE_STANDARD = "gnu++0x";
				CLANG_CXX_LIBRARY = "libc++";
				CLANG_ENABLE_MODULES = YES;
				CLANG_ENABLE_OBJC_ARC = YES;
				CLANG_WARN_BOOL_CONVERSION = YES;
				CLANG_WARN_CONSTANT_CONVERSION = YES;
				CLANG_WARN_DIRECT_OBJC_ISA_USAGE = YES_ERROR;
				CLANG_WARN_EMPTY_BODY = YES;
				CLANG_WARN_ENUM_CONVERSION = YES;
				CLANG_WARN_INT_CONVERSION = YES;
				CLANG_WARN_OBJC_ROOT_CLASS = YES_ERROR;
				CLANG_WARN_UNREACHABLE_CODE = YES;
				CLANG_WARN__DUPLICATE_METHOD_MATCH = YES;
				"CODE_SIGN_IDENTITY[sdk=iphoneos*]" = "iPhone Developer";
				COPY_PHASE_STRIP = YES;
				ENABLE_NS_ASSERTIONS = NO;
				ENABLE_STRICT_OBJC_MSGSEND = YES;
				GCC_C_LANGUAGE_STANDARD = gnu99;
				GCC_WARN_64_TO_32_BIT_CONVERSION = YES;
				GCC_WARN_ABOUT_RETURN_TYPE = YES_ERROR;
				GCC_WARN_UNDECLARED_SELECTOR = YES;
				GCC_WARN_UNINITIALIZED_AUTOS = YES_AGGRESSIVE;
				GCC_WARN_UNUSED_FUNCTION = YES;
				GCC_WARN_UNUSED_VARIABLE = YES;
				IPHONEOS_DEPLOYMENT_TARGET = 8.1;
				MTL_ENABLE_DEBUG_INFO = NO;
				SDKROOT = iphoneos;
				TARGETED_DEVICE_FAMILY = "1,2";
				VALIDATE_PRODUCT = YES;
			};
			name = Release;
		};
		AFAE5FEA1A86C6AC00C1A72B /* Debug */ = {
			isa = XCBuildConfiguration;
			buildSettings = {
				ASSETCATALOG_COMPILER_APPICON_NAME = AppIcon;
				INFOPLIST_FILE = Foonu/Info.plist;
				LD_RUNPATH_SEARCH_PATHS = "$(inherited) @executable_path/Frameworks";
				PRODUCT_NAME = "$(TARGET_NAME)";
			};
			name = Debug;
		};
		AFAE5FEB1A86C6AC00C1A72B /* Release */ = {
			isa = XCBuildConfiguration;
			buildSettings = {
				ASSETCATALOG_COMPILER_APPICON_NAME = AppIcon;
				INFOPLIST_FILE = Foonu/Info.plist;
				LD_RUNPATH_SEARCH_PATHS = "$(inherited) @executable_path/Frameworks";
				PRODUCT_NAME = "$(TARGET_NAME)";
			};
			name = Release;
		};
		AFAE5FED1A86C6AC00C1A72B /* Debug */ = {
			isa = XCBuildConfiguration;
			buildSettings = {
				BUNDLE_LOADER = "$(TEST_HOST)";
				FRAMEWORK_SEARCH_PATHS = (
					"$(SDKROOT)/Developer/Library/Frameworks",
					"$(inherited)",
				);
				GCC_PREPROCESSOR_DEFINITIONS = (
					"DEBUG=1",
					"$(inherited)",
				);
				INFOPLIST_FILE = FoonuTests/Info.plist;
				LD_RUNPATH_SEARCH_PATHS = "$(inherited) @executable_path/Frameworks @loader_path/Frameworks";
				PRODUCT_NAME = "$(TARGET_NAME)";
				TEST_HOST = "$(BUILT_PRODUCTS_DIR)/Foonu.app/Foonu";
			};
			name = Debug;
		};
		AFAE5FEE1A86C6AC00C1A72B /* Release */ = {
			isa = XCBuildConfiguration;
			buildSettings = {
				BUNDLE_LOADER = "$(TEST_HOST)";
				FRAMEWORK_SEARCH_PATHS = (
					"$(SDKROOT)/Developer/Library/Frameworks",
					"$(inherited)",
				);
				INFOPLIST_FILE = FoonuTests/Info.plist;
				LD_RUNPATH_SEARCH_PATHS = "$(inherited) @executable_path/Frameworks @loader_path/Frameworks";
				PRODUCT_NAME = "$(TARGET_NAME)";
				TEST_HOST = "$(BUILT_PRODUCTS_DIR)/Foonu.app/Foonu";
			};
			name = Release;
		};
/* End XCBuildConfiguration section */

/* Begin XCConfigurationList section */
		AFAE5FBE1A86C6AC00C1A72B /* Build configuration list for PBXProject "Foonu" */ = {
			isa = XCConfigurationList;
			buildConfigurations = (
				AFAE5FE71A86C6AC00C1A72B /* Debug */,
				AFAE5FE81A86C6AC00C1A72B /* Release */,
			);
			defaultConfigurationIsVisible = 0;
			defaultConfigurationName = Release;
		};
		AFAE5FE91A86C6AC00C1A72B /* Build configuration list for PBXNativeTarget "Foonu" */ = {
			isa = XCConfigurationList;
			buildConfigurations = (
				AFAE5FEA1A86C6AC00C1A72B /* Debug */,
				AFAE5FEB1A86C6AC00C1A72B /* Release */,
			);
			defaultConfigurationIsVisible = 0;
		};
		AFAE5FEC1A86C6AC00C1A72B /* Build configuration list for PBXNativeTarget "FoonuTests" */ = {
			isa = XCConfigurationList;
			buildConfigurations = (
				AFAE5FED1A86C6AC00C1A72B /* Debug */,
				AFAE5FEE1A86C6AC00C1A72B /* Release */,
			);
			defaultConfigurationIsVisible = 0;
		};
/* End XCConfigurationList section */

/* Begin XCVersionGroup section */
		AFAE5FCD1A86C6AC00C1A72B /* Foonu.xcdatamodeld */ = {
			isa = XCVersionGroup;
			children = (
				AFAE5FCE1A86C6AC00C1A72B /* Foonu.xcdatamodel */,
			);
			currentVersion = AFAE5FCE1A86C6AC00C1A72B /* Foonu.xcdatamodel */;
			path = Foonu.xcdatamodeld;
			sourceTree = "<group>";
			versionGroupType = wrapper.xcdatamodel;
		};
/* End XCVersionGroup section */
	};
	rootObject = AFAE5FBB1A86C6AC00C1A72B /* Project object */;
}
